<?xml version="1.0" encoding="utf-8"?>
<Project ToolsVersion="4.0" xmlns="http://schemas.microsoft.com/developer/msbuild/2003">
  <ItemGroup>
    <Filter Include="Source Files">
      <UniqueIdentifier>{fd7ffa82-5a68-4417-a89c-41dc062952e6}</UniqueIdentifier>
      <Extensions>cpp;c;cxx;def;odl;idl;hpj;bat;asm</Extensions>
    </Filter>
    <Filter Include="Header Files">
      <UniqueIdentifier>{118e3d1f-309e-4da1-895d-532fbb9b8122}</UniqueIdentifier>
      <Extensions>h;hpp;hxx;hm;inl;inc</Extensions>
    </Filter>
    <Filter Include="Resource Files">
      <UniqueIdentifier>{08dcc8ff-9bfc-47f9-8ea3-ca0c7fc15ca0}</UniqueIdentifier>
      <Extensions>rc;ico;cur;bmp;dlg;rc2;rct;bin;rgs;gif;jpg;jpeg;jpe</Extensions>
    </Filter>
  </ItemGroup>
  <ItemGroup>
    <ClCompile Include="..\src\CWarpingImage.cpp">
      <Filter>Source Files</Filter>
    </ClCompile>
    <ClCompile Include="..\src\ENCARA2_2lib.cpp">
      <Filter>Source Files</Filter>
    </ClCompile>
    <ClCompile Include="..\src\PCAUtils.cpp">
      <Filter>Source Files</Filter>
    </ClCompile>
    <ClCompile Include="..\src\svm.cpp">
      <Filter>Source Files</Filter>
    </ClCompile>
    <ClCompile Include="..\src\SVMUtils.cpp">
      <Filter>Source Files</Filter>
    </ClCompile>
  </ItemGroup>
  <ItemGroup>
    <ClInclude Include="..\include\ColorSpaces.h">
      <Filter>Header Files</Filter>
    </ClInclude>
    <ClInclude Include="..\include\CWarpingImage.h">
      <Filter>Header Files</Filter>
    </ClInclude>
    <ClInclude Include="..\include\Dataset.h">
      <Filter>Header Files</Filter>
    </ClInclude>
    <ClInclude Include="..\include\DatasetProjections.h">
      <Filter>Header Files</Filter>
    </ClInclude>
    <ClInclude Include="..\include\DebugLog.h">
      <Filter>Header Files</Filter>
    </ClInclude>
    <ClInclude Include="..\include\ENCARA2_2lib.h">
      <Filter>Header Files</Filter>
    </ClInclude>
    <ClInclude Include="..\include\ENCARA2_2lib_defs.h">
      <Filter>Header Files</Filter>
    </ClInclude>
    <ClInclude Include="..\include\FacialData.h">
      <Filter>Header Files</Filter>
    </ClInclude>
    <ClInclude Include="..\include\GaborW.h">
      <Filter>Header Files</Filter>
    </ClInclude>
    <ClInclude Include="..\include\ImageUtils.h">
      <Filter>Header Files</Filter>
    </ClInclude>
    <ClInclude Include="..\include\IplImageUtils.h">
      <Filter>Header Files</Filter>
    </ClInclude>
    <ClInclude Include="..\include\LBP.h">
      <Filter>Header Files</Filter>
    </ClInclude>
    <ClInclude Include="..\include\MathUtils.h">
      <Filter>Header Files</Filter>
    </ClInclude>
    <ClInclude Include="..\include\others\OpenTracking.h">
      <Filter>Header Files</Filter>
    </ClInclude>
    <ClInclude Include="..\include\PCA.h">
      <Filter>Header Files</Filter>
    </ClInclude>
    <ClInclude Include="..\include\PCAUtils.h">
      <Filter>Header Files</Filter>
    </ClInclude>
    <ClInclude Include="..\include\SkinBlob.h">
      <Filter>Header Files</Filter>
    </ClInclude>
    <ClInclude Include="..\include\svm.h">
      <Filter>Header Files</Filter>
    </ClInclude>
    <ClInclude Include="..\include\SVMUtils.h">
      <Filter>Header Files</Filter>
    </ClInclude>
    <ClInclude Include="..\include\Tracking_defs.h">
      <Filter>Header Files</Filter>
    </ClInclude>
    <ClInclude Include="..\include\ucs.h">
      <Filter>Header Files</Filter>
    </ClInclude>
    <ClInclude Include="..\include\ViolaJonesDetectorInterface.h">
      <Filter>Header Files</Filter>
    </ClInclude>
  </ItemGroup>
  <ItemGroup>
    <None Include="ReadMe.txt" />
  </ItemGroup>
</Project>