
Microsoft Visual Studio Solution File, Format Version 10.00
# Visual C++ Express 2008
Project("{8BC9CEB8-8B4A-11D0-8D11-00A0C91BC942}") = "ENCARA2Demo_wx", "ENCARA2Demo_wx\ENCARA2Demo_wx.vcproj", "{62F98035-F10B-4680-A915-1947ED8B581B}"
EndProject
Global
	GlobalSection(SolutionConfigurationPlatforms) = preSolution
		Debug|Win32 = Debug|Win32
		Release|Win32 = Release|Win32
	EndGlobalSection
	GlobalSection(ProjectConfigurationPlatforms) = postSolution
		{62F98035-F10B-4680-A915-1947ED8B581B}.Debug|Win32.ActiveCfg = Debug|Win32
		{62F98035-F10B-4680-A915-1947ED8B581B}.Debug|Win32.Build.0 = Debug|Win32
		{62F98035-F10B-4680-A915-1947ED8B581B}.Release|Win32.ActiveCfg = Release|Win32
		{62F98035-F10B-4680-A915-1947ED8B581B}.Release|Win32.Build.0 = Release|Win32
	EndGlobalSection
	GlobalSection(SolutionProperties) = preSolution
		HideSolutionNode = FALSE
	EndGlobalSection
EndGlobal
